// !$*UTF8*$!
{
	archiveVersion = 1;
	classes = {
	};
	objectVersion = 55;
	objects = {

/* Begin PBXBuildFile section */
		4549C03328F6972C002D970A /* SelectDurationViewController.swift in Sources */ = {isa = PBXBuildFile; fileRef = 4549C03228F6972C002D970A /* SelectDurationViewController.swift */; };
		4549C03528F69817002D970A /* AppUtility.swift in Sources */ = {isa = PBXBuildFile; fileRef = 4549C03428F69817002D970A /* AppUtility.swift */; };
		4549C03828F69A81002D970A /* CircleView.swift in Sources */ = {isa = PBXBuildFile; fileRef = 4549C03728F69A81002D970A /* CircleView.swift */; };
		4549C03B28F69ADC002D970A /* TagRadiousView.swift in Sources */ = {isa = PBXBuildFile; fileRef = 4549C03A28F69ADC002D970A /* TagRadiousView.swift */; };
		4549C03F28F69BFB002D970A /* CircleButton.swift in Sources */ = {isa = PBXBuildFile; fileRef = 4549C03E28F69BFB002D970A /* CircleButton.swift */; };
		459346D728F94EF60012D301 /* CreateTagViewController.swift in Sources */ = {isa = PBXBuildFile; fileRef = 459346D628F94EF60012D301 /* CreateTagViewController.swift */; };
		459346DA28F979B80012D301 /* ColorsCollectionViewCell.swift in Sources */ = {isa = PBXBuildFile; fileRef = 459346D828F979B80012D301 /* ColorsCollectionViewCell.swift */; };
		459346DB28F979B80012D301 /* ColorsCollectionViewCell.xib in Resources */ = {isa = PBXBuildFile; fileRef = 459346D928F979B80012D301 /* ColorsCollectionViewCell.xib */; };
		459346E028F980BA0012D301 /* TagCollectionViewCell.swift in Sources */ = {isa = PBXBuildFile; fileRef = 459346DE28F980BA0012D301 /* TagCollectionViewCell.swift */; };
		459346E128F980BA0012D301 /* TagCollectionViewCell.xib in Resources */ = {isa = PBXBuildFile; fileRef = 459346DF28F980BA0012D301 /* TagCollectionViewCell.xib */; };
		45CC83C428F533DD00BDEBD8 /* AppDelegate.swift in Sources */ = {isa = PBXBuildFile; fileRef = 45CC83C328F533DD00BDEBD8 /* AppDelegate.swift */; };
		45CC83C628F533DD00BDEBD8 /* SceneDelegate.swift in Sources */ = {isa = PBXBuildFile; fileRef = 45CC83C528F533DD00BDEBD8 /* SceneDelegate.swift */; };
		45CC83CB28F533DD00BDEBD8 /* Main.storyboard in Resources */ = {isa = PBXBuildFile; fileRef = 45CC83C928F533DD00BDEBD8 /* Main.storyboard */; };
		45CC83CD28F533DE00BDEBD8 /* Assets.xcassets in Resources */ = {isa = PBXBuildFile; fileRef = 45CC83CC28F533DE00BDEBD8 /* Assets.xcassets */; };
		45CC83D028F533DE00BDEBD8 /* LaunchScreen.storyboard in Resources */ = {isa = PBXBuildFile; fileRef = 45CC83CE28F533DE00BDEBD8 /* LaunchScreen.storyboard */; };
		45CC83D928F5342200BDEBD8 /* MainViewController.swift in Sources */ = {isa = PBXBuildFile; fileRef = 45CC83D828F5342200BDEBD8 /* MainViewController.swift */; };
		A2A09659E98EC20A8DBFC33A /* Pods_VideoRecorderApp.framework in Frameworks */ = {isa = PBXBuildFile; fileRef = 8204F2BB536D96102E919799 /* Pods_VideoRecorderApp.framework */; };
/* End PBXBuildFile section */

/* Begin PBXFileReference section */
		147010ED68C8662FD0E23265 /* Pods-VideoRecorderApp.release.xcconfig */ = {isa = PBXFileReference; includeInIndex = 1; lastKnownFileType = text.xcconfig; name = "Pods-VideoRecorderApp.release.xcconfig"; path = "Target Support Files/Pods-VideoRecorderApp/Pods-VideoRecorderApp.release.xcconfig"; sourceTree = "<group>"; };
		2FC5B3A7AD0C20866D36E767 /* Pods-VideoRecorderApp.debug.xcconfig */ = {isa = PBXFileReference; includeInIndex = 1; lastKnownFileType = text.xcconfig; name = "Pods-VideoRecorderApp.debug.xcconfig"; path = "Target Support Files/Pods-VideoRecorderApp/Pods-VideoRecorderApp.debug.xcconfig"; sourceTree = "<group>"; };
		4549C03228F6972C002D970A /* SelectDurationViewController.swift */ = {isa = PBXFileReference; lastKnownFileType = sourcecode.swift; path = SelectDurationViewController.swift; sourceTree = "<group>"; };
		4549C03428F69817002D970A /* AppUtility.swift */ = {isa = PBXFileReference; fileEncoding = 4; lastKnownFileType = sourcecode.swift; path = AppUtility.swift; sourceTree = "<group>"; };
		4549C03728F69A81002D970A /* CircleView.swift */ = {isa = PBXFileReference; fileEncoding = 4; lastKnownFileType = sourcecode.swift; path = CircleView.swift; sourceTree = "<group>"; };
		4549C03A28F69ADC002D970A /* TagRadiousView.swift */ = {isa = PBXFileReference; lastKnownFileType = sourcecode.swift; path = TagRadiousView.swift; sourceTree = "<group>"; };
		4549C03E28F69BFB002D970A /* CircleButton.swift */ = {isa = PBXFileReference; lastKnownFileType = sourcecode.swift; path = CircleButton.swift; sourceTree = "<group>"; };
		459346D628F94EF60012D301 /* CreateTagViewController.swift */ = {isa = PBXFileReference; lastKnownFileType = sourcecode.swift; path = CreateTagViewController.swift; sourceTree = "<group>"; };
		459346D828F979B80012D301 /* ColorsCollectionViewCell.swift */ = {isa = PBXFileReference; lastKnownFileType = sourcecode.swift; path = ColorsCollectionViewCell.swift; sourceTree = "<group>"; };
		459346D928F979B80012D301 /* ColorsCollectionViewCell.xib */ = {isa = PBXFileReference; lastKnownFileType = file.xib; path = ColorsCollectionViewCell.xib; sourceTree = "<group>"; };
		459346DE28F980BA0012D301 /* TagCollectionViewCell.swift */ = {isa = PBXFileReference; lastKnownFileType = sourcecode.swift; path = TagCollectionViewCell.swift; sourceTree = "<group>"; };
		459346DF28F980BA0012D301 /* TagCollectionViewCell.xib */ = {isa = PBXFileReference; lastKnownFileType = file.xib; path = TagCollectionViewCell.xib; sourceTree = "<group>"; };
		45CC83C028F533DD00BDEBD8 /* VideoRecorderApp.app */ = {isa = PBXFileReference; explicitFileType = wrapper.application; includeInIndex = 0; path = VideoRecorderApp.app; sourceTree = BUILT_PRODUCTS_DIR; };
		45CC83C328F533DD00BDEBD8 /* AppDelegate.swift */ = {isa = PBXFileReference; lastKnownFileType = sourcecode.swift; path = AppDelegate.swift; sourceTree = "<group>"; };
		45CC83C528F533DD00BDEBD8 /* SceneDelegate.swift */ = {isa = PBXFileReference; lastKnownFileType = sourcecode.swift; path = SceneDelegate.swift; sourceTree = "<group>"; };
		45CC83CA28F533DD00BDEBD8 /* Base */ = {isa = PBXFileReference; lastKnownFileType = file.storyboard; name = Base; path = Base.lproj/Main.storyboard; sourceTree = "<group>"; };
		45CC83CC28F533DE00BDEBD8 /* Assets.xcassets */ = {isa = PBXFileReference; lastKnownFileType = folder.assetcatalog; path = Assets.xcassets; sourceTree = "<group>"; };
		45CC83CF28F533DE00BDEBD8 /* Base */ = {isa = PBXFileReference; lastKnownFileType = file.storyboard; name = Base; path = Base.lproj/LaunchScreen.storyboard; sourceTree = "<group>"; };
		45CC83D128F533DE00BDEBD8 /* Info.plist */ = {isa = PBXFileReference; lastKnownFileType = text.plist.xml; path = Info.plist; sourceTree = "<group>"; };
		45CC83D828F5342200BDEBD8 /* MainViewController.swift */ = {isa = PBXFileReference; lastKnownFileType = sourcecode.swift; path = MainViewController.swift; sourceTree = "<group>"; };
		8204F2BB536D96102E919799 /* Pods_VideoRecorderApp.framework */ = {isa = PBXFileReference; explicitFileType = wrapper.framework; includeInIndex = 0; path = Pods_VideoRecorderApp.framework; sourceTree = BUILT_PRODUCTS_DIR; };
/* End PBXFileReference section */

/* Begin PBXFrameworksBuildPhase section */
		45CC83BD28F533DD00BDEBD8 /* Frameworks */ = {
			isa = PBXFrameworksBuildPhase;
			buildActionMask = 2147483647;
			files = (
				A2A09659E98EC20A8DBFC33A /* Pods_VideoRecorderApp.framework in Frameworks */,
			);
			runOnlyForDeploymentPostprocessing = 0;
		};
/* End PBXFrameworksBuildPhase section */

/* Begin PBXGroup section */
		28B2BCB3A68CCFC324D79C27 /* Pods */ = {
			isa = PBXGroup;
			children = (
				2FC5B3A7AD0C20866D36E767 /* Pods-VideoRecorderApp.debug.xcconfig */,
				147010ED68C8662FD0E23265 /* Pods-VideoRecorderApp.release.xcconfig */,
			);
			path = Pods;
			sourceTree = "<group>";
		};
		4549C03628F69822002D970A /* Utilities */ = {
			isa = PBXGroup;
			children = (
				4549C03428F69817002D970A /* AppUtility.swift */,
			);
			path = Utilities;
			sourceTree = "<group>";
		};
		4549C03928F69A8C002D970A /* StyleClass */ = {
			isa = PBXGroup;
			children = (
				4549C03728F69A81002D970A /* CircleView.swift */,
				4549C03A28F69ADC002D970A /* TagRadiousView.swift */,
				4549C03E28F69BFB002D970A /* CircleButton.swift */,
			);
			path = StyleClass;
			sourceTree = "<group>";
		};
		459346DC28F979BB0012D301 /* ColorsCollectionViewCell */ = {
			isa = PBXGroup;
			children = (
				459346D828F979B80012D301 /* ColorsCollectionViewCell.swift */,
				459346D928F979B80012D301 /* ColorsCollectionViewCell.xib */,
			);
			path = ColorsCollectionViewCell;
			sourceTree = "<group>";
		};
		459346DD28F979D40012D301 /* CollectionViewCells */ = {
			isa = PBXGroup;
			children = (
				459346DC28F979BB0012D301 /* ColorsCollectionViewCell */,
				459346E228F980BE0012D301 /* TagCollectionViewCell */,
			);
			path = CollectionViewCells;
			sourceTree = "<group>";
		};
		459346E228F980BE0012D301 /* TagCollectionViewCell */ = {
			isa = PBXGroup;
			children = (
				459346DE28F980BA0012D301 /* TagCollectionViewCell.swift */,
				459346DF28F980BA0012D301 /* TagCollectionViewCell.xib */,
			);
			path = TagCollectionViewCell;
			sourceTree = "<group>";
		};
		45CC83B728F533DD00BDEBD8 = {
			isa = PBXGroup;
			children = (
				45CC83C228F533DD00BDEBD8 /* VideoRecorderApp */,
				45CC83C128F533DD00BDEBD8 /* Products */,
				28B2BCB3A68CCFC324D79C27 /* Pods */,
				6837CAC95909C8546C9A69E4 /* Frameworks */,
			);
			sourceTree = "<group>";
		};
		45CC83C128F533DD00BDEBD8 /* Products */ = {
			isa = PBXGroup;
			children = (
				45CC83C028F533DD00BDEBD8 /* VideoRecorderApp.app */,
			);
			name = Products;
			sourceTree = "<group>";
		};
		45CC83C228F533DD00BDEBD8 /* VideoRecorderApp */ = {
			isa = PBXGroup;
			children = (
				4549C03928F69A8C002D970A /* StyleClass */,
				4549C03628F69822002D970A /* Utilities */,
				45CC83D728F5340C00BDEBD8 /* AppDelegates */,
				459346DD28F979D40012D301 /* CollectionViewCells */,
				45CC83DA28F5344000BDEBD8 /* ViewControllers */,
				45CC83C928F533DD00BDEBD8 /* Main.storyboard */,
				45CC83CC28F533DE00BDEBD8 /* Assets.xcassets */,
				45CC83CE28F533DE00BDEBD8 /* LaunchScreen.storyboard */,
				45CC83D128F533DE00BDEBD8 /* Info.plist */,
			);
			path = VideoRecorderApp;
			sourceTree = "<group>";
		};
		45CC83D728F5340C00BDEBD8 /* AppDelegates */ = {
			isa = PBXGroup;
			children = (
				45CC83C328F533DD00BDEBD8 /* AppDelegate.swift */,
				45CC83C528F533DD00BDEBD8 /* SceneDelegate.swift */,
			);
			path = AppDelegates;
			sourceTree = "<group>";
		};
		45CC83DA28F5344000BDEBD8 /* ViewControllers */ = {
			isa = PBXGroup;
			children = (
				45CC83D828F5342200BDEBD8 /* MainViewController.swift */,
				4549C03228F6972C002D970A /* SelectDurationViewController.swift */,
				459346D628F94EF60012D301 /* CreateTagViewController.swift */,
			);
			path = ViewControllers;
			sourceTree = "<group>";
		};
		6837CAC95909C8546C9A69E4 /* Frameworks */ = {
			isa = PBXGroup;
			children = (
				8204F2BB536D96102E919799 /* Pods_VideoRecorderApp.framework */,
			);
			name = Frameworks;
			sourceTree = "<group>";
		};
/* End PBXGroup section */

/* Begin PBXNativeTarget section */
		45CC83BF28F533DD00BDEBD8 /* VideoRecorderApp */ = {
			isa = PBXNativeTarget;
			buildConfigurationList = 45CC83D428F533DE00BDEBD8 /* Build configuration list for PBXNativeTarget "VideoRecorderApp" */;
			buildPhases = (
				C87CB1597EE8828F596C443B /* [CP] Check Pods Manifest.lock */,
				45CC83BC28F533DD00BDEBD8 /* Sources */,
				45CC83BD28F533DD00BDEBD8 /* Frameworks */,
				45CC83BE28F533DD00BDEBD8 /* Resources */,
				65777B4E7664F3E7257354DD /* [CP] Embed Pods Frameworks */,
			);
			buildRules = (
			);
			dependencies = (
			);
			name = VideoRecorderApp;
			productName = VideoRecorderApp;
			productReference = 45CC83C028F533DD00BDEBD8 /* VideoRecorderApp.app */;
			productType = "com.apple.product-type.application";
		};
/* End PBXNativeTarget section */

/* Begin PBXProject section */
		45CC83B828F533DD00BDEBD8 /* Project object */ = {
			isa = PBXProject;
			attributes = {
				BuildIndependentTargetsInParallel = 1;
				LastSwiftUpdateCheck = 1320;
				LastUpgradeCheck = 1320;
				TargetAttributes = {
					45CC83BF28F533DD00BDEBD8 = {
						CreatedOnToolsVersion = 13.2.1;
					};
				};
			};
			buildConfigurationList = 45CC83BB28F533DD00BDEBD8 /* Build configuration list for PBXProject "VideoRecorderApp" */;
			compatibilityVersion = "Xcode 13.0";
			developmentRegion = en;
			hasScannedForEncodings = 0;
			knownRegions = (
				en,
				Base,
			);
			mainGroup = 45CC83B728F533DD00BDEBD8;
			productRefGroup = 45CC83C128F533DD00BDEBD8 /* Products */;
			projectDirPath = "";
			projectRoot = "";
			targets = (
				45CC83BF28F533DD00BDEBD8 /* VideoRecorderApp */,
			);
		};
/* End PBXProject section */

/* Begin PBXResourcesBuildPhase section */
		45CC83BE28F533DD00BDEBD8 /* Resources */ = {
			isa = PBXResourcesBuildPhase;
			buildActionMask = 2147483647;
			files = (
				45CC83D028F533DE00BDEBD8 /* LaunchScreen.storyboard in Resources */,
				45CC83CD28F533DE00BDEBD8 /* Assets.xcassets in Resources */,
				459346E128F980BA0012D301 /* TagCollectionViewCell.xib in Resources */,
				459346DB28F979B80012D301 /* ColorsCollectionViewCell.xib in Resources */,
				45CC83CB28F533DD00BDEBD8 /* Main.storyboard in Resources */,
			);
			runOnlyForDeploymentPostprocessing = 0;
		};
/* End PBXResourcesBuildPhase section */

/* Begin PBXShellScriptBuildPhase section */
		65777B4E7664F3E7257354DD /* [CP] Embed Pods Frameworks */ = {
			isa = PBXShellScriptBuildPhase;
			buildActionMask = 2147483647;
			files = (
			);
			inputFileListPaths = (
				"${PODS_ROOT}/Target Support Files/Pods-VideoRecorderApp/Pods-VideoRecorderApp-frameworks-${CONFIGURATION}-input-files.xcfilelist",
			);
			name = "[CP] Embed Pods Frameworks";
			outputFileListPaths = (
				"${PODS_ROOT}/Target Support Files/Pods-VideoRecorderApp/Pods-VideoRecorderApp-frameworks-${CONFIGURATION}-output-files.xcfilelist",
			);
			runOnlyForDeploymentPostprocessing = 0;
			shellPath = /bin/sh;
			shellScript = "\"${PODS_ROOT}/Target Support Files/Pods-VideoRecorderApp/Pods-VideoRecorderApp-frameworks.sh\"\n";
			showEnvVarsInLog = 0;
		};
		C87CB1597EE8828F596C443B /* [CP] Check Pods Manifest.lock */ = {
			isa = PBXShellScriptBuildPhase;
			buildActionMask = 2147483647;
			files = (
			);
			inputFileListPaths = (
			);
			inputPaths = (
				"${PODS_PODFILE_DIR_PATH}/Podfile.lock",
				"${PODS_ROOT}/Manifest.lock",
			);
			name = "[CP] Check Pods Manifest.lock";
			outputFileListPaths = (
			);
			outputPaths = (
				"$(DERIVED_FILE_DIR)/Pods-VideoRecorderApp-checkManifestLockResult.txt",
			);
			runOnlyForDeploymentPostprocessing = 0;
			shellPath = /bin/sh;
			shellScript = "diff \"${PODS_PODFILE_DIR_PATH}/Podfile.lock\" \"${PODS_ROOT}/Manifest.lock\" > /dev/null\nif [ $? != 0 ] ; then\n    # print error to STDERR\n    echo \"error: The sandbox is not in sync with the Podfile.lock. Run 'pod install' or update your CocoaPods installation.\" >&2\n    exit 1\nfi\n# This output is used by Xcode 'outputs' to avoid re-running this script phase.\necho \"SUCCESS\" > \"${SCRIPT_OUTPUT_FILE_0}\"\n";
			showEnvVarsInLog = 0;
		};
/* End PBXShellScriptBuildPhase section */

/* Begin PBXSourcesBuildPhase section */
		45CC83BC28F533DD00BDEBD8 /* Sources */ = {
			isa = PBXSourcesBuildPhase;
			buildActionMask = 2147483647;
			files = (
				4549C03828F69A81002D970A /* CircleView.swift in Sources */,
				45CC83D928F5342200BDEBD8 /* MainViewController.swift in Sources */,
				45CC83C428F533DD00BDEBD8 /* AppDelegate.swift in Sources */,
				4549C03F28F69BFB002D970A /* CircleButton.swift in Sources */,
				459346D728F94EF60012D301 /* CreateTagViewController.swift in Sources */,
				4549C03B28F69ADC002D970A /* TagRadiousView.swift in Sources */,
				459346DA28F979B80012D301 /* ColorsCollectionViewCell.swift in Sources */,
				4549C03528F69817002D970A /* AppUtility.swift in Sources */,
				4549C03328F6972C002D970A /* SelectDurationViewController.swift in Sources */,
				45CC83C628F533DD00BDEBD8 /* SceneDelegate.swift in Sources */,
				459346E028F980BA0012D301 /* TagCollectionViewCell.swift in Sources */,
			);
			runOnlyForDeploymentPostprocessing = 0;
		};
/* End PBXSourcesBuildPhase section */

/* Begin PBXVariantGroup section */
		45CC83C928F533DD00BDEBD8 /* Main.storyboard */ = {
			isa = PBXVariantGroup;
			children = (
				45CC83CA28F533DD00BDEBD8 /* Base */,
			);
			name = Main.storyboard;
			sourceTree = "<group>";
		};
		45CC83CE28F533DE00BDEBD8 /* LaunchScreen.storyboard */ = {
			isa = PBXVariantGroup;
			children = (
				45CC83CF28F533DE00BDEBD8 /* Base */,
			);
			name = LaunchScreen.storyboard;
			sourceTree = "<group>";
		};
/* End PBXVariantGroup section */

/* Begin XCBuildConfiguration section */
		45CC83D228F533DE00BDEBD8 /* Debug */ = {
			isa = XCBuildConfiguration;
			buildSettings = {
				ALWAYS_SEARCH_USER_PATHS = NO;
				CLANG_ANALYZER_NONNULL = YES;
				CLANG_ANALYZER_NUMBER_OBJECT_CONVERSION = YES_AGGRESSIVE;
				CLANG_CXX_LANGUAGE_STANDARD = "gnu++17";
				CLANG_CXX_LIBRARY = "libc++";
				CLANG_ENABLE_MODULES = YES;
				CLANG_ENABLE_OBJC_ARC = YES;
				CLANG_ENABLE_OBJC_WEAK = YES;
				CLANG_WARN_BLOCK_CAPTURE_AUTORELEASING = YES;
				CLANG_WARN_BOOL_CONVERSION = YES;
				CLANG_WARN_COMMA = YES;
				CLANG_WARN_CONSTANT_CONVERSION = YES;
				CLANG_WARN_DEPRECATED_OBJC_IMPLEMENTATIONS = YES;
				CLANG_WARN_DIRECT_OBJC_ISA_USAGE = YES_ERROR;
				CLANG_WARN_DOCUMENTATION_COMMENTS = YES;
				CLANG_WARN_EMPTY_BODY = YES;
				CLANG_WARN_ENUM_CONVERSION = YES;
				CLANG_WARN_INFINITE_RECURSION = YES;
				CLANG_WARN_INT_CONVERSION = YES;
				CLANG_WARN_NON_LITERAL_NULL_CONVERSION = YES;
				CLANG_WARN_OBJC_IMPLICIT_RETAIN_SELF = YES;
				CLANG_WARN_OBJC_LITERAL_CONVERSION = YES;
				CLANG_WARN_OBJC_ROOT_CLASS = YES_ERROR;
				CLANG_WARN_QUOTED_INCLUDE_IN_FRAMEWORK_HEADER = YES;
				CLANG_WARN_RANGE_LOOP_ANALYSIS = YES;
				CLANG_WARN_STRICT_PROTOTYPES = YES;
				CLANG_WARN_SUSPICIOUS_MOVE = YES;
				CLANG_WARN_UNGUARDED_AVAILABILITY = YES_AGGRESSIVE;
				CLANG_WARN_UNREACHABLE_CODE = YES;
				CLANG_WARN__DUPLICATE_METHOD_MATCH = YES;
				COPY_PHASE_STRIP = NO;
				DEBUG_INFORMATION_FORMAT = dwarf;
				ENABLE_STRICT_OBJC_MSGSEND = YES;
				ENABLE_TESTABILITY = YES;
				GCC_C_LANGUAGE_STANDARD = gnu11;
				GCC_DYNAMIC_NO_PIC = NO;
				GCC_NO_COMMON_BLOCKS = YES;
				GCC_OPTIMIZATION_LEVEL = 0;
				GCC_PREPROCESSOR_DEFINITIONS = (
					"DEBUG=1",
					"$(inherited)",
				);
				GCC_WARN_64_TO_32_BIT_CONVERSION = YES;
				GCC_WARN_ABOUT_RETURN_TYPE = YES_ERROR;
				GCC_WARN_UNDECLARED_SELECTOR = YES;
				GCC_WARN_UNINITIALIZED_AUTOS = YES_AGGRESSIVE;
				GCC_WARN_UNUSED_FUNCTION = YES;
				GCC_WARN_UNUSED_VARIABLE = YES;
				IPHONEOS_DEPLOYMENT_TARGET = 13.0;
				MTL_ENABLE_DEBUG_INFO = INCLUDE_SOURCE;
				MTL_FAST_MATH = YES;
				ONLY_ACTIVE_ARCH = YES;
				SDKROOT = iphoneos;
				SWIFT_ACTIVE_COMPILATION_CONDITIONS = DEBUG;
				SWIFT_OPTIMIZATION_LEVEL = "-Onone";
			};
			name = Debug;
		};
		45CC83D328F533DE00BDEBD8 /* Release */ = {
			isa = XCBuildConfiguration;
			buildSettings = {
				ALWAYS_SEARCH_USER_PATHS = NO;
				CLANG_ANALYZER_NONNULL = YES;
				CLANG_ANALYZER_NUMBER_OBJECT_CONVERSION = YES_AGGRESSIVE;
				CLANG_CXX_LANGUAGE_STANDARD = "gnu++17";
				CLANG_CXX_LIBRARY = "libc++";
				CLANG_ENABLE_MODULES = YES;
				CLANG_ENABLE_OBJC_ARC = YES;
				CLANG_ENABLE_OBJC_WEAK = YES;
				CLANG_WARN_BLOCK_CAPTURE_AUTORELEASING = YES;
				CLANG_WARN_BOOL_CONVERSION = YES;
				CLANG_WARN_COMMA = YES;
				CLANG_WARN_CONSTANT_CONVERSION = YES;
				CLANG_WARN_DEPRECATED_OBJC_IMPLEMENTATIONS = YES;
				CLANG_WARN_DIRECT_OBJC_ISA_USAGE = YES_ERROR;
				CLANG_WARN_DOCUMENTATION_COMMENTS = YES;
				CLANG_WARN_EMPTY_BODY = YES;
				CLANG_WARN_ENUM_CONVERSION = YES;
				CLANG_WARN_INFINITE_RECURSION = YES;
				CLANG_WARN_INT_CONVERSION = YES;
				CLANG_WARN_NON_LITERAL_NULL_CONVERSION = YES;
				CLANG_WARN_OBJC_IMPLICIT_RETAIN_SELF = YES;
				CLANG_WARN_OBJC_LITERAL_CONVERSION = YES;
				CLANG_WARN_OBJC_ROOT_CLASS = YES_ERROR;
				CLANG_WARN_QUOTED_INCLUDE_IN_FRAMEWORK_HEADER = YES;
				CLANG_WARN_RANGE_LOOP_ANALYSIS = YES;
				CLANG_WARN_STRICT_PROTOTYPES = YES;
				CLANG_WARN_SUSPICIOUS_MOVE = YES;
				CLANG_WARN_UNGUARDED_AVAILABILITY = YES_AGGRESSIVE;
				CLANG_WARN_UNREACHABLE_CODE = YES;
				CLANG_WARN__DUPLICATE_METHOD_MATCH = YES;
				COPY_PHASE_STRIP = NO;
				DEBUG_INFORMATION_FORMAT = "dwarf-with-dsym";
				ENABLE_NS_ASSERTIONS = NO;
				ENABLE_STRICT_OBJC_MSGSEND = YES;
				GCC_C_LANGUAGE_STANDARD = gnu11;
				GCC_NO_COMMON_BLOCKS = YES;
				GCC_WARN_64_TO_32_BIT_CONVERSION = YES;
				GCC_WARN_ABOUT_RETURN_TYPE = YES_ERROR;
				GCC_WARN_UNDECLARED_SELECTOR = YES;
				GCC_WARN_UNINITIALIZED_AUTOS = YES_AGGRESSIVE;
				GCC_WARN_UNUSED_FUNCTION = YES;
				GCC_WARN_UNUSED_VARIABLE = YES;
				IPHONEOS_DEPLOYMENT_TARGET = 13.0;
				MTL_ENABLE_DEBUG_INFO = NO;
				MTL_FAST_MATH = YES;
				SDKROOT = iphoneos;
				SWIFT_COMPILATION_MODE = wholemodule;
				SWIFT_OPTIMIZATION_LEVEL = "-O";
				VALIDATE_PRODUCT = YES;
			};
			name = Release;
		};
		45CC83D528F533DE00BDEBD8 /* Debug */ = {
			isa = XCBuildConfiguration;
			baseConfigurationReference = 2FC5B3A7AD0C20866D36E767 /* Pods-VideoRecorderApp.debug.xcconfig */;
			buildSettings = {
				ASSETCATALOG_COMPILER_APPICON_NAME = AppIcon;
				ASSETCATALOG_COMPILER_GLOBAL_ACCENT_COLOR_NAME = AccentColor;
				CODE_SIGN_IDENTITY = "iPhone Developer";
				CODE_SIGN_STYLE = Manual;
				CURRENT_PROJECT_VERSION = 1;
				DEVELOPMENT_TEAM = 27G7S42374;
				GENERATE_INFOPLIST_FILE = YES;
				INFOPLIST_FILE = VideoRecorderApp/Info.plist;
				INFOPLIST_KEY_NSCameraUsageDescription = "$(PRODUCT_NAME) camera use";
				INFOPLIST_KEY_NSMicrophoneUsageDescription = "$(PRODUCT_NAME)  user Microphone";
				INFOPLIST_KEY_UIApplicationSupportsIndirectInputEvents = YES;
				INFOPLIST_KEY_UILaunchStoryboardName = LaunchScreen;
				INFOPLIST_KEY_UIMainStoryboardFile = Main;
				INFOPLIST_KEY_UIRequiresFullScreen = YES;
				INFOPLIST_KEY_UIStatusBarHidden = NO;
				INFOPLIST_KEY_UISupportedInterfaceOrientations = "UIInterfaceOrientationLandscapeLeft UIInterfaceOrientationLandscapeRight";
				INFOPLIST_KEY_UISupportedInterfaceOrientations_iPad = "UIInterfaceOrientationPortrait UIInterfaceOrientationPortraitUpsideDown UIInterfaceOrientationLandscapeLeft UIInterfaceOrientationLandscapeRight";
				INFOPLIST_KEY_UISupportedInterfaceOrientations_iPhone = "UIInterfaceOrientationPortrait UIInterfaceOrientationLandscapeLeft UIInterfaceOrientationLandscapeRight";
				IPHONEOS_DEPLOYMENT_TARGET = 13.0;
				LD_RUNPATH_SEARCH_PATHS = (
					"$(inherited)",
					"@executable_path/Frameworks",
				);
				MARKETING_VERSION = 1.0;
				PRODUCT_BUNDLE_IDENTIFIER = com.Ape.Bot;
				PRODUCT_NAME = "$(TARGET_NAME)";
				PROVISIONING_PROFILE_SPECIFIER = ApeBot_development;
				SWIFT_EMIT_LOC_STRINGS = YES;
				SWIFT_VERSION = 5.0;
				TARGETED_DEVICE_FAMILY = "1,2";
			};
			name = Debug;
		};
		45CC83D628F533DE00BDEBD8 /* Release */ = {
			isa = XCBuildConfiguration;
			baseConfigurationReference = 147010ED68C8662FD0E23265 /* Pods-VideoRecorderApp.release.xcconfig */;
			buildSettings = {
				ASSETCATALOG_COMPILER_APPICON_NAME = AppIcon;
				ASSETCATALOG_COMPILER_GLOBAL_ACCENT_COLOR_NAME = AccentColor;
				CODE_SIGN_IDENTITY = "iPhone Developer";
				CODE_SIGN_STYLE = Manual;
				CURRENT_PROJECT_VERSION = 1;
				DEVELOPMENT_TEAM = 27G7S42374;
				GENERATE_INFOPLIST_FILE = YES;
				INFOPLIST_FILE = VideoRecorderApp/Info.plist;
				INFOPLIST_KEY_NSCameraUsageDescription = "$(PRODUCT_NAME) camera use";
				INFOPLIST_KEY_NSMicrophoneUsageDescription = "$(PRODUCT_NAME)  user Microphone";
				INFOPLIST_KEY_UIApplicationSupportsIndirectInputEvents = YES;
				INFOPLIST_KEY_UILaunchStoryboardName = LaunchScreen;
				INFOPLIST_KEY_UIMainStoryboardFile = Main;
				INFOPLIST_KEY_UIRequiresFullScreen = YES;
				INFOPLIST_KEY_UIStatusBarHidden = NO;
				INFOPLIST_KEY_UISupportedInterfaceOrientations = "UIInterfaceOrientationLandscapeLeft UIInterfaceOrientationLandscapeRight";
				INFOPLIST_KEY_UISupportedInterfaceOrientations_iPad = "UIInterfaceOrientationPortrait UIInterfaceOrientationPortraitUpsideDown UIInterfaceOrientationLandscapeLeft UIInterfaceOrientationLandscapeRight";
				INFOPLIST_KEY_UISupportedInterfaceOrientations_iPhone = "UIInterfaceOrientationPortrait UIInterfaceOrientationLandscapeLeft UIInterfaceOrientationLandscapeRight";
				IPHONEOS_DEPLOYMENT_TARGET = 13.0;
				LD_RUNPATH_SEARCH_PATHS = (
					"$(inherited)",
					"@executable_path/Frameworks",
				);
				MARKETING_VERSION = 1.0;
				PRODUCT_BUNDLE_IDENTIFIER = com.Ape.Bot;
				PRODUCT_NAME = "$(TARGET_NAME)";
				PROVISIONING_PROFILE_SPECIFIER = ApeBot_development;
				SWIFT_EMIT_LOC_STRINGS = YES;
				SWIFT_VERSION = 5.0;
				TARGETED_DEVICE_FAMILY = "1,2";
			};
			name = Release;
		};
/* End XCBuildConfiguration section */

/* Begin XCConfigurationList section */
		45CC83BB28F533DD00BDEBD8 /* Build configuration list for PBXProject "VideoRecorderApp" */ = {
			isa = XCConfigurationList;
			buildConfigurations = (
				45CC83D228F533DE00BDEBD8 /* Debug */,
				45CC83D328F533DE00BDEBD8 /* Release */,
			);
			defaultConfigurationIsVisible = 0;
			defaultConfigurationName = Release;
		};
		45CC83D428F533DE00BDEBD8 /* Build configuration list for PBXNativeTarget "VideoRecorderApp" */ = {
			isa = XCConfigurationList;
			buildConfigurations = (
				45CC83D528F533DE00BDEBD8 /* Debug */,
				45CC83D628F533DE00BDEBD8 /* Release */,
			);
			defaultConfigurationIsVisible = 0;
			defaultConfigurationName = Release;
		};
/* End XCConfigurationList section */
	};
	rootObject = 45CC83B828F533DD00BDEBD8 /* Project object */;
}
